
Microsoft Visual Studio Solution File, Format Version 12.00
# Visual Studio Version 17
VisualStudioVersion = 17.5.33414.496
MinimumVisualStudioVersion = 10.0.40219.1
Project("{FAE04EC0-301F-11D3-BF4B-00C04F79EFBC}") = "ShapeLibrary", "ShapeLibrary\ShapeLibrary.csproj", "{5489E2C4-04A7-41FA-8058-0DC0F0C5B17B}"
EndProject
Project("{FAE04EC0-301F-11D3-BF4B-00C04F79EFBC}") = "ShapeLibraryTests", "ShapeLibraryTests\ShapeLibraryTests.csproj", "{3411A9FA-E1C0-4A72-A1C2-6168703ABF2F}"
EndProject
Project("{FAE04EC0-301F-11D3-BF4B-00C04F79EFBC}") = "Console", "Console\Console.csproj", "{3FC03BD2-06CE-4E4D-8283-77645EB7ACBB}"
EndProject
Global
	GlobalSection(SolutionConfigurationPlatforms) = preSolution
		Debug|Any CPU = Debug|Any CPU
		Release|Any CPU = Release|Any CPU
	EndGlobalSection
	GlobalSection(ProjectConfigurationPlatforms) = postSolution
		{5489E2C4-04A7-41FA-8058-0DC0F0C5B17B}.Debug|Any CPU.ActiveCfg = Debug|Any CPU
		{5489E2C4-04A7-41FA-8058-0DC0F0C5B17B}.Debug|Any CPU.Build.0 = Debug|Any CPU
		{5489E2C4-04A7-41FA-8058-0DC0F0C5B17B}.Release|Any CPU.ActiveCfg = Release|Any CPU
		{5489E2C4-04A7-41FA-8058-0DC0F0C5B17B}.Release|Any CPU.Build.0 = Release|Any CPU
		{3411A9FA-E1C0-4A72-A1C2-6168703ABF2F}.Debug|Any CPU.ActiveCfg = Debug|Any CPU
		{3411A9FA-E1C0-4A72-A1C2-6168703ABF2F}.Debug|Any CPU.Build.0 = Debug|Any CPU
		{3411A9FA-E1C0-4A72-A1C2-6168703ABF2F}.Release|Any CPU.ActiveCfg = Release|Any CPU
		{3411A9FA-E1C0-4A72-A1C2-6168703ABF2F}.Release|Any CPU.Build.0 = Release|Any CPU
		{3FC03BD2-06CE-4E4D-8283-77645EB7ACBB}.Debug|Any CPU.ActiveCfg = Debug|Any CPU
		{3FC03BD2-06CE-4E4D-8283-77645EB7ACBB}.Debug|Any CPU.Build.0 = Debug|Any CPU
		{3FC03BD2-06CE-4E4D-8283-77645EB7ACBB}.Release|Any CPU.ActiveCfg = Release|Any CPU
		{3FC03BD2-06CE-4E4D-8283-77645EB7ACBB}.Release|Any CPU.Build.0 = Release|Any CPU
	EndGlobalSection
	GlobalSection(SolutionProperties) = preSolution
		HideSolutionNode = FALSE
	EndGlobalSection
	GlobalSection(ExtensibilityGlobals) = postSolution
		SolutionGuid = {8C0B7B09-E4D0-48CD-A2C1-3172AFC7054C}
	EndGlobalSection
EndGlobal
